
Microsoft Visual Studio Solution File, Format Version 12.00
# Visual Studio 15
VisualStudioVersion = 15.0.27130.2010
MinimumVisualStudioVersion = 10.0.40219.1
Project("{FAE04EC0-301F-11D3-BF4B-00C04F79EFBC}") = "LanguageFeatures", "LanguageFeatures\LanguageFeatures.csproj", "{A535DB9E-3585-4B90-BD59-962DAE5966AD}"
EndProject
Global
	GlobalSection(SolutionConfigurationPlatforms) = preSolution
		Debug|Any CPU = Debug|Any CPU
		Release|Any CPU = Release|Any CPU
	EndGlobalSection
	GlobalSection(ProjectConfigurationPlatforms) = postSolution
		{A535DB9E-3585-4B90-BD59-962DAE5966AD}.Debug|Any CPU.ActiveCfg = Debug|Any CPU
		{A535DB9E-3585-4B90-BD59-962DAE5966AD}.Debug|Any CPU.Build.0 = Debug|Any CPU
		{A535DB9E-3585-4B90-BD59-962DAE5966AD}.Release|Any CPU.ActiveCfg = Release|Any CPU
		{A535DB9E-3585-4B90-BD59-962DAE5966AD}.Release|Any CPU.Build.0 = Release|Any CPU
	EndGlobalSection
	GlobalSection(SolutionProperties) = preSolution
		HideSolutionNode = FALSE
	EndGlobalSection
	GlobalSection(ExtensibilityGlobals) = postSolution
		SolutionGuid = {28DA9F28-5C8F-450B-8D3F-4666409A201C}
	EndGlobalSection
EndGlobal
